
Microsoft Visual Studio Solution File, Format Version 12.00
# Visual Studio 14
VisualStudioVersion = 14.0.24720.0
MinimumVisualStudioVersion = 10.0.40219.1
Project("{FAE04EC0-301F-11D3-BF4B-00C04F79EFBC}") = "Blog.Web", "Blog\Blog.Web.csproj", "{2585B4E6-BBCF-4817-987A-27B060BB0E97}"
EndProject
Project("{FAE04EC0-301F-11D3-BF4B-00C04F79EFBC}") = "Blog.Logic", "Blog.Logic\Blog.Logic.csproj", "{B6359CE0-530E-4370-AAFD-6604C4AA520D}"
EndProject
Global
	GlobalSection(SolutionConfigurationPlatforms) = preSolution
		Debug|Any CPU = Debug|Any CPU
		Release|Any CPU = Release|Any CPU
	EndGlobalSection
	GlobalSection(ProjectConfigurationPlatforms) = postSolution
		{2585B4E6-BBCF-4817-987A-27B060BB0E97}.Debug|Any CPU.ActiveCfg = Debug|Any CPU
		{2585B4E6-BBCF-4817-987A-27B060BB0E97}.Debug|Any CPU.Build.0 = Debug|Any CPU
		{2585B4E6-BBCF-4817-987A-27B060BB0E97}.Release|Any CPU.ActiveCfg = Release|Any CPU
		{2585B4E6-BBCF-4817-987A-27B060BB0E97}.Release|Any CPU.Build.0 = Release|Any CPU
		{B6359CE0-530E-4370-AAFD-6604C4AA520D}.Debug|Any CPU.ActiveCfg = Debug|Any CPU
		{B6359CE0-530E-4370-AAFD-6604C4AA520D}.Debug|Any CPU.Build.0 = Debug|Any CPU
		{B6359CE0-530E-4370-AAFD-6604C4AA520D}.Release|Any CPU.ActiveCfg = Release|Any CPU
		{B6359CE0-530E-4370-AAFD-6604C4AA520D}.Release|Any CPU.Build.0 = Release|Any CPU
	EndGlobalSection
	GlobalSection(SolutionProperties) = preSolution
		HideSolutionNode = FALSE
	EndGlobalSection
EndGlobal
